// !$*UTF8*$!
{
	archiveVersion = 1;
	classes = {
	};
	objectVersion = 50;
	objects = {

/* Begin PBXBuildFile section */
		E8BA19C922602D5700E7E707 /* AppDelegate.m in Sources */ = {isa = PBXBuildFile; fileRef = E8BA19C822602D5700E7E707 /* AppDelegate.m */; };
		E8BA19CC22602D5700E7E707 /* ViewController.m in Sources */ = {isa = PBXBuildFile; fileRef = E8BA19CB22602D5700E7E707 /* ViewController.m */; };
		E8BA19CF22602D5700E7E707 /* Main.storyboard in Resources */ = {isa = PBXBuildFile; fileRef = E8BA19CD22602D5700E7E707 /* Main.storyboard */; };
		E8BA19D122602D5900E7E707 /* Assets.xcassets in Resources */ = {isa = PBXBuildFile; fileRef = E8BA19D022602D5900E7E707 /* Assets.xcassets */; };
		E8BA19D422602D5900E7E707 /* LaunchScreen.storyboard in Resources */ = {isa = PBXBuildFile; fileRef = E8BA19D222602D5900E7E707 /* LaunchScreen.storyboard */; };
		E8BA19D722602D5900E7E707 /* main.m in Sources */ = {isa = PBXBuildFile; fileRef = E8BA19D622602D5900E7E707 /* main.m */; };
/* End PBXBuildFile section */

/* Begin PBXFileReference section */
		E8BA19C422602D5700E7E707 /* NotificationExtensionTest.app */ = {isa = PBXFileReference; explicitFileType = wrapper.application; includeInIndex = 0; path = NotificationExtensionTest.app; sourceTree = BUILT_PRODUCTS_DIR; };
		E8BA19C722602D5700E7E707 /* AppDelegate.h */ = {isa = PBXFileReference; lastKnownFileType = sourcecode.c.h; path = AppDelegate.h; sourceTree = "<group>"; };
		E8BA19C822602D5700E7E707 /* AppDelegate.m */ = {isa = PBXFileReference; lastKnownFileType = sourcecode.c.objc; path = AppDelegate.m; sourceTree = "<group>"; };
		E8BA19CA22602D5700E7E707 /* ViewController.h */ = {isa = PBXFileReference; lastKnownFileType = sourcecode.c.h; path = ViewController.h; sourceTree = "<group>"; };
		E8BA19CB22602D5700E7E707 /* ViewController.m */ = {isa = PBXFileReference; lastKnownFileType = sourcecode.c.objc; path = ViewController.m; sourceTree = "<group>"; };
		E8BA19CE22602D5700E7E707 /* Base */ = {isa = PBXFileReference; lastKnownFileType = file.storyboard; name = Base; path = Base.lproj/Main.storyboard; sourceTree = "<group>"; };
		E8BA19D022602D5900E7E707 /* Assets.xcassets */ = {isa = PBXFileReference; lastKnownFileType = folder.assetcatalog; path = Assets.xcassets; sourceTree = "<group>"; };
		E8BA19D322602D5900E7E707 /* Base */ = {isa = PBXFileReference; lastKnownFileType = file.storyboard; name = Base; path = Base.lproj/LaunchScreen.storyboard; sourceTree = "<group>"; };
		E8BA19D522602D5900E7E707 /* Info.plist */ = {isa = PBXFileReference; lastKnownFileType = text.plist.xml; path = Info.plist; sourceTree = "<group>"; };
		E8BA19D622602D5900E7E707 /* main.m */ = {isa = PBXFileReference; lastKnownFileType = sourcecode.c.objc; path = main.m; sourceTree = "<group>"; };
/* End PBXFileReference section */

/* Begin PBXFrameworksBuildPhase section */
		E8BA19C122602D5700E7E707 /* Frameworks */ = {
			isa = PBXFrameworksBuildPhase;
			buildActionMask = 2147483647;
			files = (
			);
			runOnlyForDeploymentPostprocessing = 0;
		};
/* End PBXFrameworksBuildPhase section */

/* Begin PBXGroup section */
		E8BA19BB22602D5700E7E707 = {
			isa = PBXGroup;
			children = (
				E8BA19C622602D5700E7E707 /* NotificationExtensionTest */,
				E8BA19C522602D5700E7E707 /* Products */,
			);
			sourceTree = "<group>";
		};
		E8BA19C522602D5700E7E707 /* Products */ = {
			isa = PBXGroup;
			children = (
				E8BA19C422602D5700E7E707 /* NotificationExtensionTest.app */,
			);
			name = Products;
			sourceTree = "<group>";
		};
		E8BA19C622602D5700E7E707 /* NotificationExtensionTest */ = {
			isa = PBXGroup;
			children = (
				E8BA19C722602D5700E7E707 /* AppDelegate.h */,
				E8BA19C822602D5700E7E707 /* AppDelegate.m */,
				E8BA19CA22602D5700E7E707 /* ViewController.h */,
				E8BA19CB22602D5700E7E707 /* ViewController.m */,
				E8BA19CD22602D5700E7E707 /* Main.storyboard */,
				E8BA19D022602D5900E7E707 /* Assets.xcassets */,
				E8BA19D222602D5900E7E707 /* LaunchScreen.storyboard */,
				E8BA19D522602D5900E7E707 /* Info.plist */,
				E8BA19D622602D5900E7E707 /* main.m */,
			);
			path = NotificationExtensionTest;
			sourceTree = "<group>";
		};
/* End PBXGroup section */

/* Begin PBXNativeTarget section */
		E8BA19C322602D5700E7E707 /* NotificationExtensionTest */ = {
			isa = PBXNativeTarget;
			buildConfigurationList = E8BA19DA22602D5900E7E707 /* Build configuration list for PBXNativeTarget "NotificationExtensionTest" */;
			buildPhases = (
				E8BA19C022602D5700E7E707 /* Sources */,
				E8BA19C122602D5700E7E707 /* Frameworks */,
				E8BA19C222602D5700E7E707 /* Resources */,
			);
			buildRules = (
			);
			dependencies = (
			);
			name = NotificationExtensionTest;
			productName = NotificationExtensionTest;
			productReference = E8BA19C422602D5700E7E707 /* NotificationExtensionTest.app */;
			productType = "com.apple.product-type.application";
		};
/* End PBXNativeTarget section */

/* Begin PBXProject section */
		E8BA19BC22602D5700E7E707 /* Project object */ = {
			isa = PBXProject;
			attributes = {
				LastUpgradeCheck = 1010;
				ORGANIZATIONNAME = Cooper;
				TargetAttributes = {
					E8BA19C322602D5700E7E707 = {
						CreatedOnToolsVersion = 10.1;
					};
				};
			};
			buildConfigurationList = E8BA19BF22602D5700E7E707 /* Build configuration list for PBXProject "NotificationExtensionTest" */;
			compatibilityVersion = "Xcode 9.3";
			developmentRegion = en;
			hasScannedForEncodings = 0;
			knownRegions = (
				en,
				Base,
			);
			mainGroup = E8BA19BB22602D5700E7E707;
			productRefGroup = E8BA19C522602D5700E7E707 /* Products */;
			projectDirPath = "";
			projectRoot = "";
			targets = (
				E8BA19C322602D5700E7E707 /* NotificationExtensionTest */,
			);
		};
/* End PBXProject section */

/* Begin PBXResourcesBuildPhase section */
		E8BA19C222602D5700E7E707 /* Resources */ = {
			isa = PBXResourcesBuildPhase;
			buildActionMask = 2147483647;
			files = (
				E8BA19D422602D5900E7E707 /* LaunchScreen.storyboard in Resources */,
				E8BA19D122602D5900E7E707 /* Assets.xcassets in Resources */,
				E8BA19CF22602D5700E7E707 /* Main.storyboard in Resources */,
			);
			runOnlyForDeploymentPostprocessing = 0;
		};
/* End PBXResourcesBuildPhase section */

/* Begin PBXSourcesBuildPhase section */
		E8BA19C022602D5700E7E707 /* Sources */ = {
			isa = PBXSourcesBuildPhase;
			buildActionMask = 2147483647;
			files = (
				E8BA19CC22602D5700E7E707 /* ViewController.m in Sources */,
				E8BA19D722602D5900E7E707 /* main.m in Sources */,
				E8BA19C922602D5700E7E707 /* AppDelegate.m in Sources */,
			);
			runOnlyForDeploymentPostprocessing = 0;
		};
/* End PBXSourcesBuildPhase section */

/* Begin PBXVariantGroup section */
		E8BA19CD22602D5700E7E707 /* Main.storyboard */ = {
			isa = PBXVariantGroup;
			children = (
				E8BA19CE22602D5700E7E707 /* Base */,
			);
			name = Main.storyboard;
			sourceTree = "<group>";
		};
		E8BA19D222602D5900E7E707 /* LaunchScreen.storyboard */ = {
			isa = PBXVariantGroup;
			children = (
				E8BA19D322602D5900E7E707 /* Base */,
			);
			name = LaunchScreen.storyboard;
			sourceTree = "<group>";
		};
/* End PBXVariantGroup section */

/* Begin XCBuildConfiguration section */
		E8BA19D822602D5900E7E707 /* Debug */ = {
			isa = XCBuildConfiguration;
			buildSettings = {
				ALWAYS_SEARCH_USER_PATHS = NO;
				CLANG_ANALYZER_NONNULL = YES;
				CLANG_ANALYZER_NUMBER_OBJECT_CONVERSION = YES_AGGRESSIVE;
				CLANG_CXX_LANGUAGE_STANDARD = "gnu++14";
				CLANG_CXX_LIBRARY = "libc++";
				CLANG_ENABLE_MODULES = YES;
				CLANG_ENABLE_OBJC_ARC = YES;
				CLANG_ENABLE_OBJC_WEAK = YES;
				CLANG_WARN_BLOCK_CAPTURE_AUTORELEASING = YES;
				CLANG_WARN_BOOL_CONVERSION = YES;
				CLANG_WARN_COMMA = YES;
				CLANG_WARN_CONSTANT_CONVERSION = YES;
				CLANG_WARN_DEPRECATED_OBJC_IMPLEMENTATIONS = YES;
				CLANG_WARN_DIRECT_OBJC_ISA_USAGE = YES_ERROR;
				CLANG_WARN_DOCUMENTATION_COMMENTS = YES;
				CLANG_WARN_EMPTY_BODY = YES;
				CLANG_WARN_ENUM_CONVERSION = YES;
				CLANG_WARN_INFINITE_RECURSION = YES;
				CLANG_WARN_INT_CONVERSION = YES;
				CLANG_WARN_NON_LITERAL_NULL_CONVERSION = YES;
				CLANG_WARN_OBJC_IMPLICIT_RETAIN_SELF = YES;
				CLANG_WARN_OBJC_LITERAL_CONVERSION = YES;
				CLANG_WARN_OBJC_ROOT_CLASS = YES_ERROR;
				CLANG_WARN_RANGE_LOOP_ANALYSIS = YES;
				CLANG_WARN_STRICT_PROTOTYPES = YES;
				CLANG_WARN_SUSPICIOUS_MOVE = YES;
				CLANG_WARN_UNGUARDED_AVAILABILITY = YES_AGGRESSIVE;
				CLANG_WARN_UNREACHABLE_CODE = YES;
				CLANG_WARN__DUPLICATE_METHOD_MATCH = YES;
				CODE_SIGN_IDENTITY = "iPhone Developer";
				COPY_PHASE_STRIP = NO;
				DEBUG_INFORMATION_FORMAT = dwarf;
				ENABLE_STRICT_OBJC_MSGSEND = YES;
				ENABLE_TESTABILITY = YES;
				GCC_C_LANGUAGE_STANDARD = gnu11;
				GCC_DYNAMIC_NO_PIC = NO;
				GCC_NO_COMMON_BLOCKS = YES;
				GCC_OPTIMIZATION_LEVEL = 0;
				GCC_PREPROCESSOR_DEFINITIONS = (
					"DEBUG=1",
					"$(inherited)",
				);
				GCC_WARN_64_TO_32_BIT_CONVERSION = YES;
				GCC_WARN_ABOUT_RETURN_TYPE = YES_ERROR;
				GCC_WARN_UNDECLARED_SELECTOR = YES;
				GCC_WARN_UNINITIALIZED_AUTOS = YES_AGGRESSIVE;
				GCC_WARN_UNUSED_FUNCTION = YES;
				GCC_WARN_UNUSED_VARIABLE = YES;
				IPHONEOS_DEPLOYMENT_TARGET = 12.1;
				MTL_ENABLE_DEBUG_INFO = INCLUDE_SOURCE;
				MTL_FAST_MATH = YES;
				ONLY_ACTIVE_ARCH = YES;
				SDKROOT = iphoneos;
			};
			name = Debug;
		};
		E8BA19D922602D5900E7E707 /* Release */ = {
			isa = XCBuildConfiguration;
			buildSettings = {
				ALWAYS_SEARCH_USER_PATHS = NO;
				CLANG_ANALYZER_NONNULL = YES;
				CLANG_ANALYZER_NUMBER_OBJECT_CONVERSION = YES_AGGRESSIVE;
				CLANG_CXX_LANGUAGE_STANDARD = "gnu++14";
				CLANG_CXX_LIBRARY = "libc++";
				CLANG_ENABLE_MODULES = YES;
				CLANG_ENABLE_OBJC_ARC = YES;
				CLANG_ENABLE_OBJC_WEAK = YES;
				CLANG_WARN_BLOCK_CAPTURE_AUTORELEASING = YES;
				CLANG_WARN_BOOL_CONVERSION = YES;
				CLANG_WARN_COMMA = YES;
				CLANG_WARN_CONSTANT_CONVERSION = YES;
				CLANG_WARN_DEPRECATED_OBJC_IMPLEMENTATIONS = YES;
				CLANG_WARN_DIRECT_OBJC_ISA_USAGE = YES_ERROR;
				CLANG_WARN_DOCUMENTATION_COMMENTS = YES;
				CLANG_WARN_EMPTY_BODY = YES;
				CLANG_WARN_ENUM_CONVERSION = YES;
				CLANG_WARN_INFINITE_RECURSION = YES;
				CLANG_WARN_INT_CONVERSION = YES;
				CLANG_WARN_NON_LITERAL_NULL_CONVERSION = YES;
				CLANG_WARN_OBJC_IMPLICIT_RETAIN_SELF = YES;
				CLANG_WARN_OBJC_LITERAL_CONVERSION = YES;
				CLANG_WARN_OBJC_ROOT_CLASS = YES_ERROR;
				CLANG_WARN_RANGE_LOOP_ANALYSIS = YES;
				CLANG_WARN_STRICT_PROTOTYPES = YES;
				CLANG_WARN_SUSPICIOUS_MOVE = YES;
				CLANG_WARN_UNGUARDED_AVAILABILITY = YES_AGGRESSIVE;
				CLANG_WARN_UNREACHABLE_CODE = YES;
				CLANG_WARN__DUPLICATE_METHOD_MATCH = YES;
				CODE_SIGN_IDENTITY = "iPhone Developer";
				COPY_PHASE_STRIP = NO;
				DEBUG_INFORMATION_FORMAT = "dwarf-with-dsym";
				ENABLE_NS_ASSERTIONS = NO;
				ENABLE_STRICT_OBJC_MSGSEND = YES;
				GCC_C_LANGUAGE_STANDARD = gnu11;
				GCC_NO_COMMON_BLOCKS = YES;
				GCC_WARN_64_TO_32_BIT_CONVERSION = YES;
				GCC_WARN_ABOUT_RETURN_TYPE = YES_ERROR;
				GCC_WARN_UNDECLARED_SELECTOR = YES;
				GCC_WARN_UNINITIALIZED_AUTOS = YES_AGGRESSIVE;
				GCC_WARN_UNUSED_FUNCTION = YES;
				GCC_WARN_UNUSED_VARIABLE = YES;
				IPHONEOS_DEPLOYMENT_TARGET = 12.1;
				MTL_ENABLE_DEBUG_INFO = NO;
				MTL_FAST_MATH = YES;
				SDKROOT = iphoneos;
				VALIDATE_PRODUCT = YES;
			};
			name = Release;
		};
		E8BA19DB22602D5900E7E707 /* Debug */ = {
			isa = XCBuildConfiguration;
			buildSettings = {
				ASSETCATALOG_COMPILER_APPICON_NAME = AppIcon;
				CODE_SIGN_STYLE = Automatic;
				DEVELOPMENT_TEAM = Q6P9ZG56S5;
				INFOPLIST_FILE = NotificationExtensionTest/Info.plist;
				LD_RUNPATH_SEARCH_PATHS = (
					"$(inherited)",
					"@executable_path/Frameworks",
				);
				PRODUCT_BUNDLE_IDENTIFIER = cooper.NotificationExtensionTest;
				PRODUCT_NAME = "$(TARGET_NAME)";
				TARGETED_DEVICE_FAMILY = "1,2";
			};
			name = Debug;
		};
		E8BA19DC22602D5900E7E707 /* Release */ = {
			isa = XCBuildConfiguration;
			buildSettings = {
				ASSETCATALOG_COMPILER_APPICON_NAME = AppIcon;
				CODE_SIGN_STYLE = Automatic;
				DEVELOPMENT_TEAM = Q6P9ZG56S5;
				INFOPLIST_FILE = NotificationExtensionTest/Info.plist;
				LD_RUNPATH_SEARCH_PATHS = (
					"$(inherited)",
					"@executable_path/Frameworks",
				);
				PRODUCT_BUNDLE_IDENTIFIER = cooper.NotificationExtensionTest;
				PRODUCT_NAME = "$(TARGET_NAME)";
				TARGETED_DEVICE_FAMILY = "1,2";
			};
			name = Release;
		};
/* End XCBuildConfiguration section */

/* Begin XCConfigurationList section */
		E8BA19BF22602D5700E7E707 /* Build configuration list for PBXProject "NotificationExtensionTest" */ = {
			isa = XCConfigurationList;
			buildConfigurations = (
				E8BA19D822602D5900E7E707 /* Debug */,
				E8BA19D922602D5900E7E707 /* Release */,
			);
			defaultConfigurationIsVisible = 0;
			defaultConfigurationName = Release;
		};
		E8BA19DA22602D5900E7E707 /* Build configuration list for PBXNativeTarget "NotificationExtensionTest" */ = {
			isa = XCConfigurationList;
			buildConfigurations = (
				E8BA19DB22602D5900E7E707 /* Debug */,
				E8BA19DC22602D5900E7E707 /* Release */,
			);
			defaultConfigurationIsVisible = 0;
			defaultConfigurationName = Release;
		};
/* End XCConfigurationList section */
	};
	rootObject = E8BA19BC22602D5700E7E707 /* Project object */;
}
