// !$*UTF8*$!
{
	archiveVersion = 1;
	classes = {
	};
	objectVersion = 50;
	objects = {

/* Begin PBXBuildFile section */
		E8C5C9552262F60700802A4D /* AppDelegate.m in Sources */ = {isa = PBXBuildFile; fileRef = E8C5C9542262F60700802A4D /* AppDelegate.m */; };
		E8C5C9582262F60700802A4D /* ViewController.m in Sources */ = {isa = PBXBuildFile; fileRef = E8C5C9572262F60700802A4D /* ViewController.m */; };
		E8C5C95B2262F60700802A4D /* Main.storyboard in Resources */ = {isa = PBXBuildFile; fileRef = E8C5C9592262F60700802A4D /* Main.storyboard */; };
		E8C5C95D2262F60800802A4D /* Assets.xcassets in Resources */ = {isa = PBXBuildFile; fileRef = E8C5C95C2262F60800802A4D /* Assets.xcassets */; };
		E8C5C9602262F60800802A4D /* LaunchScreen.storyboard in Resources */ = {isa = PBXBuildFile; fileRef = E8C5C95E2262F60800802A4D /* LaunchScreen.storyboard */; };
		E8C5C9632262F60800802A4D /* main.m in Sources */ = {isa = PBXBuildFile; fileRef = E8C5C9622262F60800802A4D /* main.m */; };
/* End PBXBuildFile section */

/* Begin PBXFileReference section */
		E8C5C9502262F60600802A4D /* NSStringAndNSMutableString.app */ = {isa = PBXFileReference; explicitFileType = wrapper.application; includeInIndex = 0; path = NSStringAndNSMutableString.app; sourceTree = BUILT_PRODUCTS_DIR; };
		E8C5C9532262F60700802A4D /* AppDelegate.h */ = {isa = PBXFileReference; lastKnownFileType = sourcecode.c.h; path = AppDelegate.h; sourceTree = "<group>"; };
		E8C5C9542262F60700802A4D /* AppDelegate.m */ = {isa = PBXFileReference; lastKnownFileType = sourcecode.c.objc; path = AppDelegate.m; sourceTree = "<group>"; };
		E8C5C9562262F60700802A4D /* ViewController.h */ = {isa = PBXFileReference; lastKnownFileType = sourcecode.c.h; path = ViewController.h; sourceTree = "<group>"; };
		E8C5C9572262F60700802A4D /* ViewController.m */ = {isa = PBXFileReference; lastKnownFileType = sourcecode.c.objc; path = ViewController.m; sourceTree = "<group>"; };
		E8C5C95A2262F60700802A4D /* Base */ = {isa = PBXFileReference; lastKnownFileType = file.storyboard; name = Base; path = Base.lproj/Main.storyboard; sourceTree = "<group>"; };
		E8C5C95C2262F60800802A4D /* Assets.xcassets */ = {isa = PBXFileReference; lastKnownFileType = folder.assetcatalog; path = Assets.xcassets; sourceTree = "<group>"; };
		E8C5C95F2262F60800802A4D /* Base */ = {isa = PBXFileReference; lastKnownFileType = file.storyboard; name = Base; path = Base.lproj/LaunchScreen.storyboard; sourceTree = "<group>"; };
		E8C5C9612262F60800802A4D /* Info.plist */ = {isa = PBXFileReference; lastKnownFileType = text.plist.xml; path = Info.plist; sourceTree = "<group>"; };
		E8C5C9622262F60800802A4D /* main.m */ = {isa = PBXFileReference; lastKnownFileType = sourcecode.c.objc; path = main.m; sourceTree = "<group>"; };
/* End PBXFileReference section */

/* Begin PBXFrameworksBuildPhase section */
		E8C5C94D2262F60600802A4D /* Frameworks */ = {
			isa = PBXFrameworksBuildPhase;
			buildActionMask = 2147483647;
			files = (
			);
			runOnlyForDeploymentPostprocessing = 0;
		};
/* End PBXFrameworksBuildPhase section */

/* Begin PBXGroup section */
		E8C5C9472262F60600802A4D = {
			isa = PBXGroup;
			children = (
				E8C5C9522262F60600802A4D /* NSStringAndNSMutableString */,
				E8C5C9512262F60600802A4D /* Products */,
			);
			sourceTree = "<group>";
		};
		E8C5C9512262F60600802A4D /* Products */ = {
			isa = PBXGroup;
			children = (
				E8C5C9502262F60600802A4D /* NSStringAndNSMutableString.app */,
			);
			name = Products;
			sourceTree = "<group>";
		};
		E8C5C9522262F60600802A4D /* NSStringAndNSMutableString */ = {
			isa = PBXGroup;
			children = (
				E8C5C9532262F60700802A4D /* AppDelegate.h */,
				E8C5C9542262F60700802A4D /* AppDelegate.m */,
				E8C5C9562262F60700802A4D /* ViewController.h */,
				E8C5C9572262F60700802A4D /* ViewController.m */,
				E8C5C9592262F60700802A4D /* Main.storyboard */,
				E8C5C95C2262F60800802A4D /* Assets.xcassets */,
				E8C5C95E2262F60800802A4D /* LaunchScreen.storyboard */,
				E8C5C9612262F60800802A4D /* Info.plist */,
				E8C5C9622262F60800802A4D /* main.m */,
			);
			path = NSStringAndNSMutableString;
			sourceTree = "<group>";
		};
/* End PBXGroup section */

/* Begin PBXNativeTarget section */
		E8C5C94F2262F60600802A4D /* NSStringAndNSMutableString */ = {
			isa = PBXNativeTarget;
			buildConfigurationList = E8C5C9662262F60800802A4D /* Build configuration list for PBXNativeTarget "NSStringAndNSMutableString" */;
			buildPhases = (
				E8C5C94C2262F60600802A4D /* Sources */,
				E8C5C94D2262F60600802A4D /* Frameworks */,
				E8C5C94E2262F60600802A4D /* Resources */,
			);
			buildRules = (
			);
			dependencies = (
			);
			name = NSStringAndNSMutableString;
			productName = NSStringAndNSMutableString;
			productReference = E8C5C9502262F60600802A4D /* NSStringAndNSMutableString.app */;
			productType = "com.apple.product-type.application";
		};
/* End PBXNativeTarget section */

/* Begin PBXProject section */
		E8C5C9482262F60600802A4D /* Project object */ = {
			isa = PBXProject;
			attributes = {
				LastUpgradeCheck = 1010;
				ORGANIZATIONNAME = Cooper;
				TargetAttributes = {
					E8C5C94F2262F60600802A4D = {
						CreatedOnToolsVersion = 10.1;
					};
				};
			};
			buildConfigurationList = E8C5C94B2262F60600802A4D /* Build configuration list for PBXProject "NSStringAndNSMutableString" */;
			compatibilityVersion = "Xcode 9.3";
			developmentRegion = en;
			hasScannedForEncodings = 0;
			knownRegions = (
				en,
				Base,
			);
			mainGroup = E8C5C9472262F60600802A4D;
			productRefGroup = E8C5C9512262F60600802A4D /* Products */;
			projectDirPath = "";
			projectRoot = "";
			targets = (
				E8C5C94F2262F60600802A4D /* NSStringAndNSMutableString */,
			);
		};
/* End PBXProject section */

/* Begin PBXResourcesBuildPhase section */
		E8C5C94E2262F60600802A4D /* Resources */ = {
			isa = PBXResourcesBuildPhase;
			buildActionMask = 2147483647;
			files = (
				E8C5C9602262F60800802A4D /* LaunchScreen.storyboard in Resources */,
				E8C5C95D2262F60800802A4D /* Assets.xcassets in Resources */,
				E8C5C95B2262F60700802A4D /* Main.storyboard in Resources */,
			);
			runOnlyForDeploymentPostprocessing = 0;
		};
/* End PBXResourcesBuildPhase section */

/* Begin PBXSourcesBuildPhase section */
		E8C5C94C2262F60600802A4D /* Sources */ = {
			isa = PBXSourcesBuildPhase;
			buildActionMask = 2147483647;
			files = (
				E8C5C9582262F60700802A4D /* ViewController.m in Sources */,
				E8C5C9632262F60800802A4D /* main.m in Sources */,
				E8C5C9552262F60700802A4D /* AppDelegate.m in Sources */,
			);
			runOnlyForDeploymentPostprocessing = 0;
		};
/* End PBXSourcesBuildPhase section */

/* Begin PBXVariantGroup section */
		E8C5C9592262F60700802A4D /* Main.storyboard */ = {
			isa = PBXVariantGroup;
			children = (
				E8C5C95A2262F60700802A4D /* Base */,
			);
			name = Main.storyboard;
			sourceTree = "<group>";
		};
		E8C5C95E2262F60800802A4D /* LaunchScreen.storyboard */ = {
			isa = PBXVariantGroup;
			children = (
				E8C5C95F2262F60800802A4D /* Base */,
			);
			name = LaunchScreen.storyboard;
			sourceTree = "<group>";
		};
/* End PBXVariantGroup section */

/* Begin XCBuildConfiguration section */
		E8C5C9642262F60800802A4D /* Debug */ = {
			isa = XCBuildConfiguration;
			buildSettings = {
				ALWAYS_SEARCH_USER_PATHS = NO;
				CLANG_ANALYZER_NONNULL = YES;
				CLANG_ANALYZER_NUMBER_OBJECT_CONVERSION = YES_AGGRESSIVE;
				CLANG_CXX_LANGUAGE_STANDARD = "gnu++14";
				CLANG_CXX_LIBRARY = "libc++";
				CLANG_ENABLE_MODULES = YES;
				CLANG_ENABLE_OBJC_ARC = YES;
				CLANG_ENABLE_OBJC_WEAK = YES;
				CLANG_WARN_BLOCK_CAPTURE_AUTORELEASING = YES;
				CLANG_WARN_BOOL_CONVERSION = YES;
				CLANG_WARN_COMMA = YES;
				CLANG_WARN_CONSTANT_CONVERSION = YES;
				CLANG_WARN_DEPRECATED_OBJC_IMPLEMENTATIONS = YES;
				CLANG_WARN_DIRECT_OBJC_ISA_USAGE = YES_ERROR;
				CLANG_WARN_DOCUMENTATION_COMMENTS = YES;
				CLANG_WARN_EMPTY_BODY = YES;
				CLANG_WARN_ENUM_CONVERSION = YES;
				CLANG_WARN_INFINITE_RECURSION = YES;
				CLANG_WARN_INT_CONVERSION = YES;
				CLANG_WARN_NON_LITERAL_NULL_CONVERSION = YES;
				CLANG_WARN_OBJC_IMPLICIT_RETAIN_SELF = YES;
				CLANG_WARN_OBJC_LITERAL_CONVERSION = YES;
				CLANG_WARN_OBJC_ROOT_CLASS = YES_ERROR;
				CLANG_WARN_RANGE_LOOP_ANALYSIS = YES;
				CLANG_WARN_STRICT_PROTOTYPES = YES;
				CLANG_WARN_SUSPICIOUS_MOVE = YES;
				CLANG_WARN_UNGUARDED_AVAILABILITY = YES_AGGRESSIVE;
				CLANG_WARN_UNREACHABLE_CODE = YES;
				CLANG_WARN__DUPLICATE_METHOD_MATCH = YES;
				CODE_SIGN_IDENTITY = "iPhone Developer";
				COPY_PHASE_STRIP = NO;
				DEBUG_INFORMATION_FORMAT = dwarf;
				ENABLE_STRICT_OBJC_MSGSEND = YES;
				ENABLE_TESTABILITY = YES;
				GCC_C_LANGUAGE_STANDARD = gnu11;
				GCC_DYNAMIC_NO_PIC = NO;
				GCC_NO_COMMON_BLOCKS = YES;
				GCC_OPTIMIZATION_LEVEL = 0;
				GCC_PREPROCESSOR_DEFINITIONS = (
					"DEBUG=1",
					"$(inherited)",
				);
				GCC_WARN_64_TO_32_BIT_CONVERSION = YES;
				GCC_WARN_ABOUT_RETURN_TYPE = YES_ERROR;
				GCC_WARN_UNDECLARED_SELECTOR = YES;
				GCC_WARN_UNINITIALIZED_AUTOS = YES_AGGRESSIVE;
				GCC_WARN_UNUSED_FUNCTION = YES;
				GCC_WARN_UNUSED_VARIABLE = YES;
				IPHONEOS_DEPLOYMENT_TARGET = 12.1;
				MTL_ENABLE_DEBUG_INFO = INCLUDE_SOURCE;
				MTL_FAST_MATH = YES;
				ONLY_ACTIVE_ARCH = YES;
				SDKROOT = iphoneos;
			};
			name = Debug;
		};
		E8C5C9652262F60800802A4D /* Release */ = {
			isa = XCBuildConfiguration;
			buildSettings = {
				ALWAYS_SEARCH_USER_PATHS = NO;
				CLANG_ANALYZER_NONNULL = YES;
				CLANG_ANALYZER_NUMBER_OBJECT_CONVERSION = YES_AGGRESSIVE;
				CLANG_CXX_LANGUAGE_STANDARD = "gnu++14";
				CLANG_CXX_LIBRARY = "libc++";
				CLANG_ENABLE_MODULES = YES;
				CLANG_ENABLE_OBJC_ARC = YES;
				CLANG_ENABLE_OBJC_WEAK = YES;
				CLANG_WARN_BLOCK_CAPTURE_AUTORELEASING = YES;
				CLANG_WARN_BOOL_CONVERSION = YES;
				CLANG_WARN_COMMA = YES;
				CLANG_WARN_CONSTANT_CONVERSION = YES;
				CLANG_WARN_DEPRECATED_OBJC_IMPLEMENTATIONS = YES;
				CLANG_WARN_DIRECT_OBJC_ISA_USAGE = YES_ERROR;
				CLANG_WARN_DOCUMENTATION_COMMENTS = YES;
				CLANG_WARN_EMPTY_BODY = YES;
				CLANG_WARN_ENUM_CONVERSION = YES;
				CLANG_WARN_INFINITE_RECURSION = YES;
				CLANG_WARN_INT_CONVERSION = YES;
				CLANG_WARN_NON_LITERAL_NULL_CONVERSION = YES;
				CLANG_WARN_OBJC_IMPLICIT_RETAIN_SELF = YES;
				CLANG_WARN_OBJC_LITERAL_CONVERSION = YES;
				CLANG_WARN_OBJC_ROOT_CLASS = YES_ERROR;
				CLANG_WARN_RANGE_LOOP_ANALYSIS = YES;
				CLANG_WARN_STRICT_PROTOTYPES = YES;
				CLANG_WARN_SUSPICIOUS_MOVE = YES;
				CLANG_WARN_UNGUARDED_AVAILABILITY = YES_AGGRESSIVE;
				CLANG_WARN_UNREACHABLE_CODE = YES;
				CLANG_WARN__DUPLICATE_METHOD_MATCH = YES;
				CODE_SIGN_IDENTITY = "iPhone Developer";
				COPY_PHASE_STRIP = NO;
				DEBUG_INFORMATION_FORMAT = "dwarf-with-dsym";
				ENABLE_NS_ASSERTIONS = NO;
				ENABLE_STRICT_OBJC_MSGSEND = YES;
				GCC_C_LANGUAGE_STANDARD = gnu11;
				GCC_NO_COMMON_BLOCKS = YES;
				GCC_WARN_64_TO_32_BIT_CONVERSION = YES;
				GCC_WARN_ABOUT_RETURN_TYPE = YES_ERROR;
				GCC_WARN_UNDECLARED_SELECTOR = YES;
				GCC_WARN_UNINITIALIZED_AUTOS = YES_AGGRESSIVE;
				GCC_WARN_UNUSED_FUNCTION = YES;
				GCC_WARN_UNUSED_VARIABLE = YES;
				IPHONEOS_DEPLOYMENT_TARGET = 12.1;
				MTL_ENABLE_DEBUG_INFO = NO;
				MTL_FAST_MATH = YES;
				SDKROOT = iphoneos;
				VALIDATE_PRODUCT = YES;
			};
			name = Release;
		};
		E8C5C9672262F60800802A4D /* Debug */ = {
			isa = XCBuildConfiguration;
			buildSettings = {
				ASSETCATALOG_COMPILER_APPICON_NAME = AppIcon;
				CODE_SIGN_STYLE = Automatic;
				DEVELOPMENT_TEAM = Q6P9ZG56S5;
				INFOPLIST_FILE = NSStringAndNSMutableString/Info.plist;
				LD_RUNPATH_SEARCH_PATHS = (
					"$(inherited)",
					"@executable_path/Frameworks",
				);
				PRODUCT_BUNDLE_IDENTIFIER = cooper.NSStringAndNSMutableString;
				PRODUCT_NAME = "$(TARGET_NAME)";
				TARGETED_DEVICE_FAMILY = "1,2";
			};
			name = Debug;
		};
		E8C5C9682262F60800802A4D /* Release */ = {
			isa = XCBuildConfiguration;
			buildSettings = {
				ASSETCATALOG_COMPILER_APPICON_NAME = AppIcon;
				CODE_SIGN_STYLE = Automatic;
				DEVELOPMENT_TEAM = Q6P9ZG56S5;
				INFOPLIST_FILE = NSStringAndNSMutableString/Info.plist;
				LD_RUNPATH_SEARCH_PATHS = (
					"$(inherited)",
					"@executable_path/Frameworks",
				);
				PRODUCT_BUNDLE_IDENTIFIER = cooper.NSStringAndNSMutableString;
				PRODUCT_NAME = "$(TARGET_NAME)";
				TARGETED_DEVICE_FAMILY = "1,2";
			};
			name = Release;
		};
/* End XCBuildConfiguration section */

/* Begin XCConfigurationList section */
		E8C5C94B2262F60600802A4D /* Build configuration list for PBXProject "NSStringAndNSMutableString" */ = {
			isa = XCConfigurationList;
			buildConfigurations = (
				E8C5C9642262F60800802A4D /* Debug */,
				E8C5C9652262F60800802A4D /* Release */,
			);
			defaultConfigurationIsVisible = 0;
			defaultConfigurationName = Release;
		};
		E8C5C9662262F60800802A4D /* Build configuration list for PBXNativeTarget "NSStringAndNSMutableString" */ = {
			isa = XCConfigurationList;
			buildConfigurations = (
				E8C5C9672262F60800802A4D /* Debug */,
				E8C5C9682262F60800802A4D /* Release */,
			);
			defaultConfigurationIsVisible = 0;
			defaultConfigurationName = Release;
		};
/* End XCConfigurationList section */
	};
	rootObject = E8C5C9482262F60600802A4D /* Project object */;
}
